Microsoft Visual Studio Solution File, Format Version 12.00
# Visual Studio Version 17
VisualStudioVersion = 17.7.34009.444
MinimumVisualStudioVersion = 10.0.40219.1
Project("{FAE04EC0-301F-11D3-BF4B-00C04F79EFBC}") = "xnlpt", "src\xnlpt\xnlpt.csproj", "{2218803F-BE75-4D5E-835B-5555B79B58AD}"
EndProject
Global
	GlobalSection(SolutionConfigurationPlatforms) = preSolution
		Debug|Any CPU = Debug|Any CPU
		Release|Any CPU = Release|Any CPU
	EndGlobalSection
	GlobalSection(ProjectConfigurationPlatforms) = postSolution
		{2218803F-BE75-4D5E-835B-5555B79B58AD}.Debug|Any CPU.ActiveCfg = Debug|Any CPU
		{2218803F-BE75-4D5E-835B-5555B79B58AD}.Debug|Any CPU.Build.0 = Debug|Any CPU
		{2218803F-BE75-4D5E-835B-5555B79B58AD}.Release|Any CPU.ActiveCfg = Release|Any CPU
		{2218803F-BE75-4D5E-835B-5555B79B58AD}.Release|Any CPU.Build.0 = Release|Any CPU
	EndGlobalSection
	GlobalSection(SolutionProperties) = preSolution
		HideSolutionNode = FALSE
	EndGlobalSection
	GlobalSection(ExtensibilityGlobals) = postSolution
		SolutionGuid = {9859C00F-23AC-414F-BA02-481C66D84AEA}
	EndGlobalSection
EndGlobal
